
Microsoft Visual Studio Solution File, Format Version 12.00
# Visual Studio Version 17
VisualStudioVersion = 17.14.36127.28
MinimumVisualStudioVersion = 10.0.40219.1
Project("{FAE04EC0-301F-11D3-BF4B-00C04F79EFBC}") = "AirportLibrary", "AirportLibrary.csproj", "{F4AC8953-DAA6-4EE4-81BD-DC46C8C9C4CA}"
EndProject
Project("{FAE04EC0-301F-11D3-BF4B-00C04F79EFBC}") = "AgentNativeApp", "..\AgentNativeApp\AgentNativeApp.csproj", "{A2F7584D-827A-4237-A813-5347F4C62316}"
EndProject
Project("{FAE04EC0-301F-11D3-BF4B-00C04F79EFBC}") = "AirportWebApp", "..\AirportWebApp\AirportWebApp.csproj", "{B293549F-C04C-4F1B-9221-0B6C68DFB5B5}"
EndProject
Project("{FAE04EC0-301F-11D3-BF4B-00C04F79EFBC}") = "Airport-API", "..\Airport-API\Airport-API.csproj", "{04696E58-3CE2-4E67-A425-8D095B3F3E03}"
EndProject
Project("{FAE04EC0-301F-11D3-BF4B-00C04F79EFBC}") = "AirportTest", "..\AirportTest\AirportTest.csproj", "{8A226305-190D-4A44-A9E2-C8E8379E57DE}"
EndProject
Global
	GlobalSection(SolutionConfigurationPlatforms) = preSolution
		Debug|Any CPU = Debug|Any CPU
		Release|Any CPU = Release|Any CPU
	EndGlobalSection
	GlobalSection(ProjectConfigurationPlatforms) = postSolution
		{F4AC8953-DAA6-4EE4-81BD-DC46C8C9C4CA}.Debug|Any CPU.ActiveCfg = Debug|Any CPU
		{F4AC8953-DAA6-4EE4-81BD-DC46C8C9C4CA}.Debug|Any CPU.Build.0 = Debug|Any CPU
		{F4AC8953-DAA6-4EE4-81BD-DC46C8C9C4CA}.Release|Any CPU.ActiveCfg = Release|Any CPU
		{F4AC8953-DAA6-4EE4-81BD-DC46C8C9C4CA}.Release|Any CPU.Build.0 = Release|Any CPU
		{A2F7584D-827A-4237-A813-5347F4C62316}.Debug|Any CPU.ActiveCfg = Debug|Any CPU
		{A2F7584D-827A-4237-A813-5347F4C62316}.Debug|Any CPU.Build.0 = Debug|Any CPU
		{A2F7584D-827A-4237-A813-5347F4C62316}.Release|Any CPU.ActiveCfg = Release|Any CPU
		{A2F7584D-827A-4237-A813-5347F4C62316}.Release|Any CPU.Build.0 = Release|Any CPU
		{B293549F-C04C-4F1B-9221-0B6C68DFB5B5}.Debug|Any CPU.ActiveCfg = Debug|Any CPU
		{B293549F-C04C-4F1B-9221-0B6C68DFB5B5}.Debug|Any CPU.Build.0 = Debug|Any CPU
		{B293549F-C04C-4F1B-9221-0B6C68DFB5B5}.Release|Any CPU.ActiveCfg = Release|Any CPU
		{B293549F-C04C-4F1B-9221-0B6C68DFB5B5}.Release|Any CPU.Build.0 = Release|Any CPU
		{04696E58-3CE2-4E67-A425-8D095B3F3E03}.Debug|Any CPU.ActiveCfg = Debug|Any CPU
		{04696E58-3CE2-4E67-A425-8D095B3F3E03}.Debug|Any CPU.Build.0 = Debug|Any CPU
		{04696E58-3CE2-4E67-A425-8D095B3F3E03}.Release|Any CPU.ActiveCfg = Release|Any CPU
		{04696E58-3CE2-4E67-A425-8D095B3F3E03}.Release|Any CPU.Build.0 = Release|Any CPU
		{8A226305-190D-4A44-A9E2-C8E8379E57DE}.Debug|Any CPU.ActiveCfg = Debug|Any CPU
		{8A226305-190D-4A44-A9E2-C8E8379E57DE}.Debug|Any CPU.Build.0 = Debug|Any CPU
		{8A226305-190D-4A44-A9E2-C8E8379E57DE}.Release|Any CPU.ActiveCfg = Release|Any CPU
		{8A226305-190D-4A44-A9E2-C8E8379E57DE}.Release|Any CPU.Build.0 = Release|Any CPU
	EndGlobalSection
	GlobalSection(SolutionProperties) = preSolution
		HideSolutionNode = FALSE
	EndGlobalSection
	GlobalSection(ExtensibilityGlobals) = postSolution
		SolutionGuid = {A8383510-E348-41EF-8B98-A78D9B1DBDEB}
	EndGlobalSection
EndGlobal
